
Microsoft Visual Studio Solution File, Format Version 12.00
# Visual Studio Version 17
VisualStudioVersion = 17.14.36203.30 d17.14
MinimumVisualStudioVersion = 10.0.40219.1
Project("{FAE04EC0-301F-11D3-BF4B-00C04F79EFBC}") = "Timesheet_Application_Backend", "Timesheet_Application_Backend\Timesheet_Application_Backend.csproj", "{064DD540-8E92-4D9F-9760-BB70801591A4}"
EndProject
Global
	GlobalSection(SolutionConfigurationPlatforms) = preSolution
		Debug|Any CPU = Debug|Any CPU
		Release|Any CPU = Release|Any CPU
	EndGlobalSection
	GlobalSection(ProjectConfigurationPlatforms) = postSolution
		{064DD540-8E92-4D9F-9760-BB70801591A4}.Debug|Any CPU.ActiveCfg = Debug|Any CPU
		{064DD540-8E92-4D9F-9760-BB70801591A4}.Debug|Any CPU.Build.0 = Debug|Any CPU
		{064DD540-8E92-4D9F-9760-BB70801591A4}.Release|Any CPU.ActiveCfg = Release|Any CPU
		{064DD540-8E92-4D9F-9760-BB70801591A4}.Release|Any CPU.Build.0 = Release|Any CPU
	EndGlobalSection
	GlobalSection(SolutionProperties) = preSolution
		HideSolutionNode = FALSE
	EndGlobalSection
	GlobalSection(ExtensibilityGlobals) = postSolution
		SolutionGuid = {09AB9FEE-2B8B-4854-8471-13E6D0C8601E}
	EndGlobalSection
EndGlobal
